<?xml version="1.0" encoding="utf-8"?>
<Project ToolsVersion="4.0" xmlns="http://schemas.microsoft.com/developer/msbuild/2003">
  <ItemGroup>
    <Filter Include="JEngine">
      <UniqueIdentifier>{45F009ED-B1CF-8888-BAE7-135F2646EFE9}</UniqueIdentifier>
    </Filter>
  </ItemGroup>
  <ItemGroup>
    <ClInclude Include="src\JEngine.h" />
    <ClInclude Include="src\JEngine\Application.h">
      <Filter>JEngine</Filter>
    </ClInclude>
    <ClInclude Include="src\JEngine\Core.h">
      <Filter>JEngine</Filter>
    </ClInclude>
    <ClInclude Include="src\JEngine\EntryPoint.h">
      <Filter>JEngine</Filter>
    </ClInclude>
    <ClInclude Include="src\JEngine\Log.h">
      <Filter>JEngine</Filter>
    </ClInclude>
  </ItemGroup>
  <ItemGroup>
    <ClCompile Include="src\JEngine\Application.cpp">
      <Filter>JEngine</Filter>
    </ClCompile>
    <ClCompile Include="src\JEngine\Log.cpp">
      <Filter>JEngine</Filter>
    </ClCompile>
  </ItemGroup>
</Project>